
Microsoft Visual Studio Solution File, Format Version 12.00
# Visual Studio Version 17
VisualStudioVersion = 17.0.32014.148
MinimumVisualStudioVersion = 10.0.40219.1
Project("{FAE04EC0-301F-11D3-BF4B-00C04F79EFBC}") = "PharmacyUsers.Backend", "PharmacyUsers.Backend.csproj", "{5A08D5C1-680F-41B7-843E-06FA72867CAE}"
EndProject
Global
	GlobalSection(SolutionConfigurationPlatforms) = preSolution
		Debug|Any CPU = Debug|Any CPU
		Release|Any CPU = Release|Any CPU
	EndGlobalSection
	GlobalSection(ProjectConfigurationPlatforms) = postSolution
		{5A08D5C1-680F-41B7-843E-06FA72867CAE}.Debug|Any CPU.ActiveCfg = Debug|Any CPU
		{5A08D5C1-680F-41B7-843E-06FA72867CAE}.Debug|Any CPU.Build.0 = Debug|Any CPU
		{5A08D5C1-680F-41B7-843E-06FA72867CAE}.Release|Any CPU.ActiveCfg = Release|Any CPU
		{5A08D5C1-680F-41B7-843E-06FA72867CAE}.Release|Any CPU.Build.0 = Release|Any CPU
	EndGlobalSection
	GlobalSection(SolutionProperties) = preSolution
		HideSolutionNode = FALSE
	EndGlobalSection
	GlobalSection(ExtensibilityGlobals) = postSolution
		SolutionGuid = {1F7FD7D6-AB0D-4F9D-B675-D37AF81EB3FE}
	EndGlobalSection
EndGlobal
